{
  "name": "meeting-cost-cli",
  "version": "1.0.0",
  "lockfileVersion": 3,
  "requires": true,
  "packages": {
    "": {
      "name": "meeting-cost-cli",
      "version": "1.0.0",
      "license": "MIT",
      "bin": {
        "meeting-cost": "src/index.js"
      },
      "engines": {
        "node": ">=24"
      }
    }
  }
}
